
Microsoft Visual Studio Solution File, Format Version 12.00
# Visual Studio Version 16
VisualStudioVersion = 25.0.1706.14
MinimumVisualStudioVersion = 10.0.40219.1
Project("{FAE04EC0-301F-11D3-BF4B-00C04F79EFBC}") = "SRP", "SRP\SRP.csproj", "{7B6BF042-59E3-4520-AB98-1FB58B31CF46}"
EndProject
Project("{FAE04EC0-301F-11D3-BF4B-00C04F79EFBC}") = "OpenClose", "OpenClose\OpenClose.csproj", "{C191423B-D6C2-4067-9DAB-995AC14130B4}"
EndProject
Project("{FAE04EC0-301F-11D3-BF4B-00C04F79EFBC}") = "WebMVC", "WebMVC\WebMVC.csproj", "{69AF1F67-F9A4-4EF5-93AE-5DC65FCB8043}"
EndProject
Project("{FAE04EC0-301F-11D3-BF4B-00C04F79EFBC}") = "InterfaceSegrigationPrinciple", "InterfaceSegrigationPrinciple\InterfaceSegrigationPrinciple.csproj", "{0E8D54B8-84C5-4140-A4D1-B5F58275D9D6}"
EndProject
Project("{FAE04EC0-301F-11D3-BF4B-00C04F79EFBC}") = "DIP", "DIP\DIP.csproj", "{55CBE133-6F34-4D96-85AB-D8195D81A152}"
EndProject
Project("{FAE04EC0-301F-11D3-BF4B-00C04F79EFBC}") = "IOC_Unity", "IOC_Unity\IOC_Unity.csproj", "{E89E44E9-1A25-49EA-8AD1-51210DF3DD44}"
EndProject
Project("{FAE04EC0-301F-11D3-BF4B-00C04F79EFBC}") = "IOC_MicrosoftSample", "IOC_MicrosoftSample\IOC_MicrosoftSample.csproj", "{B5A91E27-61E1-479D-B6BE-79B051C1683D}"
EndProject
Project("{FAE04EC0-301F-11D3-BF4B-00C04F79EFBC}") = "LSP", "LSP\LSP.csproj", "{4D0F1349-03EF-4711-BCA1-ACE84571B032}"
EndProject
Global
	GlobalSection(SolutionConfigurationPlatforms) = preSolution
		Debug|Any CPU = Debug|Any CPU
		Release|Any CPU = Release|Any CPU
	EndGlobalSection
	GlobalSection(ProjectConfigurationPlatforms) = postSolution
		{7B6BF042-59E3-4520-AB98-1FB58B31CF46}.Debug|Any CPU.ActiveCfg = Debug|Any CPU
		{7B6BF042-59E3-4520-AB98-1FB58B31CF46}.Debug|Any CPU.Build.0 = Debug|Any CPU
		{7B6BF042-59E3-4520-AB98-1FB58B31CF46}.Release|Any CPU.ActiveCfg = Release|Any CPU
		{7B6BF042-59E3-4520-AB98-1FB58B31CF46}.Release|Any CPU.Build.0 = Release|Any CPU
		{C191423B-D6C2-4067-9DAB-995AC14130B4}.Debug|Any CPU.ActiveCfg = Debug|Any CPU
		{C191423B-D6C2-4067-9DAB-995AC14130B4}.Debug|Any CPU.Build.0 = Debug|Any CPU
		{C191423B-D6C2-4067-9DAB-995AC14130B4}.Release|Any CPU.ActiveCfg = Release|Any CPU
		{C191423B-D6C2-4067-9DAB-995AC14130B4}.Release|Any CPU.Build.0 = Release|Any CPU
		{69AF1F67-F9A4-4EF5-93AE-5DC65FCB8043}.Debug|Any CPU.ActiveCfg = Debug|Any CPU
		{69AF1F67-F9A4-4EF5-93AE-5DC65FCB8043}.Debug|Any CPU.Build.0 = Debug|Any CPU
		{69AF1F67-F9A4-4EF5-93AE-5DC65FCB8043}.Release|Any CPU.ActiveCfg = Release|Any CPU
		{69AF1F67-F9A4-4EF5-93AE-5DC65FCB8043}.Release|Any CPU.Build.0 = Release|Any CPU
		{0E8D54B8-84C5-4140-A4D1-B5F58275D9D6}.Debug|Any CPU.ActiveCfg = Debug|Any CPU
		{0E8D54B8-84C5-4140-A4D1-B5F58275D9D6}.Debug|Any CPU.Build.0 = Debug|Any CPU
		{0E8D54B8-84C5-4140-A4D1-B5F58275D9D6}.Release|Any CPU.ActiveCfg = Release|Any CPU
		{0E8D54B8-84C5-4140-A4D1-B5F58275D9D6}.Release|Any CPU.Build.0 = Release|Any CPU
		{55CBE133-6F34-4D96-85AB-D8195D81A152}.Debug|Any CPU.ActiveCfg = Debug|Any CPU
		{55CBE133-6F34-4D96-85AB-D8195D81A152}.Debug|Any CPU.Build.0 = Debug|Any CPU
		{55CBE133-6F34-4D96-85AB-D8195D81A152}.Release|Any CPU.ActiveCfg = Release|Any CPU
		{55CBE133-6F34-4D96-85AB-D8195D81A152}.Release|Any CPU.Build.0 = Release|Any CPU
		{E89E44E9-1A25-49EA-8AD1-51210DF3DD44}.Debug|Any CPU.ActiveCfg = Debug|Any CPU
		{E89E44E9-1A25-49EA-8AD1-51210DF3DD44}.Debug|Any CPU.Build.0 = Debug|Any CPU
		{E89E44E9-1A25-49EA-8AD1-51210DF3DD44}.Release|Any CPU.ActiveCfg = Release|Any CPU
		{E89E44E9-1A25-49EA-8AD1-51210DF3DD44}.Release|Any CPU.Build.0 = Release|Any CPU
		{B5A91E27-61E1-479D-B6BE-79B051C1683D}.Debug|Any CPU.ActiveCfg = Debug|Any CPU
		{B5A91E27-61E1-479D-B6BE-79B051C1683D}.Debug|Any CPU.Build.0 = Debug|Any CPU
		{B5A91E27-61E1-479D-B6BE-79B051C1683D}.Release|Any CPU.ActiveCfg = Release|Any CPU
		{B5A91E27-61E1-479D-B6BE-79B051C1683D}.Release|Any CPU.Build.0 = Release|Any CPU
		{4D0F1349-03EF-4711-BCA1-ACE84571B032}.Debug|Any CPU.ActiveCfg = Debug|Any CPU
		{4D0F1349-03EF-4711-BCA1-ACE84571B032}.Debug|Any CPU.Build.0 = Debug|Any CPU
		{4D0F1349-03EF-4711-BCA1-ACE84571B032}.Release|Any CPU.ActiveCfg = Release|Any CPU
		{4D0F1349-03EF-4711-BCA1-ACE84571B032}.Release|Any CPU.Build.0 = Release|Any CPU
	EndGlobalSection
	GlobalSection(SolutionProperties) = preSolution
		HideSolutionNode = FALSE
	EndGlobalSection
	GlobalSection(ExtensibilityGlobals) = postSolution
		SolutionGuid = {566B35C2-5FAC-4D4F-A76F-E34AEBF2A6D7}
	EndGlobalSection
EndGlobal
